// !$*UTF8*$!
{
	archiveVersion = 1;
	classes = {
	};
	objectVersion = 51;
	objects = {

/* Begin PBXBuildFile section */
		654AEF7063F6CF94EA0E7075 /* Pods_PhotoBrowserTests.framework in Frameworks */ = {isa = PBXBuildFile; fileRef = A27063AFF454C37161947C36 /* Pods_PhotoBrowserTests.framework */; };
		6A42EECB15D058BC094D11D1 /* Pods_PhotoBrowser.framework in Frameworks */ = {isa = PBXBuildFile; fileRef = D48B1917B22BBD3CF4B07110 /* Pods_PhotoBrowser.framework */; };
		9B2ACA792584DE4900BF573F /* PhotoListVM.swift in Sources */ = {isa = PBXBuildFile; fileRef = 9B2ACA782584DE4900BF573F /* PhotoListVM.swift */; };
		9B2F420925843FD6004A2527 /* AppDelegate.swift in Sources */ = {isa = PBXBuildFile; fileRef = 9B2F420825843FD6004A2527 /* AppDelegate.swift */; };
		9B2F420B25843FD6004A2527 /* SceneDelegate.swift in Sources */ = {isa = PBXBuildFile; fileRef = 9B2F420A25843FD6004A2527 /* SceneDelegate.swift */; };
		9B2F421025843FD6004A2527 /* Main.storyboard in Resources */ = {isa = PBXBuildFile; fileRef = 9B2F420E25843FD6004A2527 /* Main.storyboard */; };
		9B2F421225843FD7004A2527 /* Assets.xcassets in Resources */ = {isa = PBXBuildFile; fileRef = 9B2F421125843FD7004A2527 /* Assets.xcassets */; };
		9B2F421525843FD7004A2527 /* LaunchScreen.storyboard in Resources */ = {isa = PBXBuildFile; fileRef = 9B2F421325843FD7004A2527 /* LaunchScreen.storyboard */; };
		9B2F422025843FD7004A2527 /* PhotoBrowserTests.swift in Sources */ = {isa = PBXBuildFile; fileRef = 9B2F421F25843FD7004A2527 /* PhotoBrowserTests.swift */; };
		9B3B930B25861B25001409C4 /* PhotoListCell.swift in Sources */ = {isa = PBXBuildFile; fileRef = 9B3B930A25861B25001409C4 /* PhotoListCell.swift */; };
		9B3B930E25862807001409C4 /* ViewController.swift in Sources */ = {isa = PBXBuildFile; fileRef = 9B3B930D25862807001409C4 /* ViewController.swift */; };
		9B3B93102586281F001409C4 /* PhotoDetailViewController.swift in Sources */ = {isa = PBXBuildFile; fileRef = 9B3B930F2586281F001409C4 /* PhotoDetailViewController.swift */; };
		9B873FD52584A1D9000E8CEE /* WebserviceClient.swift in Sources */ = {isa = PBXBuildFile; fileRef = 9B873FD42584A1D9000E8CEE /* WebserviceClient.swift */; };
		9B873FD72584A1EB000E8CEE /* WebserviceRouter.swift in Sources */ = {isa = PBXBuildFile; fileRef = 9B873FD62584A1EB000E8CEE /* WebserviceRouter.swift */; };
		9B873FD92584A310000E8CEE /* WebserviceConstants.swift in Sources */ = {isa = PBXBuildFile; fileRef = 9B873FD82584A310000E8CEE /* WebserviceConstants.swift */; };
		9B873FDC2584A6CF000E8CEE /* PhotoListModels.swift in Sources */ = {isa = PBXBuildFile; fileRef = 9B873FDB2584A6CF000E8CEE /* PhotoListModels.swift */; };
/* End PBXBuildFile section */

/* Begin PBXContainerItemProxy section */
		9B2F421C25843FD7004A2527 /* PBXContainerItemProxy */ = {
			isa = PBXContainerItemProxy;
			containerPortal = 9B2F41FD25843FD6004A2527 /* Project object */;
			proxyType = 1;
			remoteGlobalIDString = 9B2F420425843FD6004A2527;
			remoteInfo = PhotoBrowser;
		};
/* End PBXContainerItemProxy section */

/* Begin PBXFileReference section */
		314DEBBFB3837353F3AB6D98 /* Pods-PhotoBrowserTests.debug.xcconfig */ = {isa = PBXFileReference; includeInIndex = 1; lastKnownFileType = text.xcconfig; name = "Pods-PhotoBrowserTests.debug.xcconfig"; path = "Target Support Files/Pods-PhotoBrowserTests/Pods-PhotoBrowserTests.debug.xcconfig"; sourceTree = "<group>"; };
		5E0EE5F212A38CFBDBEB0654 /* Pods-PhotoBrowserTests.release.xcconfig */ = {isa = PBXFileReference; includeInIndex = 1; lastKnownFileType = text.xcconfig; name = "Pods-PhotoBrowserTests.release.xcconfig"; path = "Target Support Files/Pods-PhotoBrowserTests/Pods-PhotoBrowserTests.release.xcconfig"; sourceTree = "<group>"; };
		7E116E868BC8B5FF0A5E2A64 /* Pods-PhotoBrowser.debug.xcconfig */ = {isa = PBXFileReference; includeInIndex = 1; lastKnownFileType = text.xcconfig; name = "Pods-PhotoBrowser.debug.xcconfig"; path = "Target Support Files/Pods-PhotoBrowser/Pods-PhotoBrowser.debug.xcconfig"; sourceTree = "<group>"; };
		9B2ACA782584DE4900BF573F /* PhotoListVM.swift */ = {isa = PBXFileReference; lastKnownFileType = sourcecode.swift; path = PhotoListVM.swift; sourceTree = "<group>"; };
		9B2F420525843FD6004A2527 /* PhotoBrowser.app */ = {isa = PBXFileReference; explicitFileType = wrapper.application; includeInIndex = 0; path = PhotoBrowser.app; sourceTree = BUILT_PRODUCTS_DIR; };
		9B2F420825843FD6004A2527 /* AppDelegate.swift */ = {isa = PBXFileReference; lastKnownFileType = sourcecode.swift; path = AppDelegate.swift; sourceTree = "<group>"; };
		9B2F420A25843FD6004A2527 /* SceneDelegate.swift */ = {isa = PBXFileReference; lastKnownFileType = sourcecode.swift; path = SceneDelegate.swift; sourceTree = "<group>"; };
		9B2F420F25843FD6004A2527 /* Base */ = {isa = PBXFileReference; lastKnownFileType = file.storyboard; name = Base; path = Base.lproj/Main.storyboard; sourceTree = "<group>"; };
		9B2F421125843FD7004A2527 /* Assets.xcassets */ = {isa = PBXFileReference; lastKnownFileType = folder.assetcatalog; path = Assets.xcassets; sourceTree = "<group>"; };
		9B2F421425843FD7004A2527 /* Base */ = {isa = PBXFileReference; lastKnownFileType = file.storyboard; name = Base; path = Base.lproj/LaunchScreen.storyboard; sourceTree = "<group>"; };
		9B2F421625843FD7004A2527 /* Info.plist */ = {isa = PBXFileReference; lastKnownFileType = text.plist.xml; path = Info.plist; sourceTree = "<group>"; };
		9B2F421B25843FD7004A2527 /* PhotoBrowserTests.xctest */ = {isa = PBXFileReference; explicitFileType = wrapper.cfbundle; includeInIndex = 0; path = PhotoBrowserTests.xctest; sourceTree = BUILT_PRODUCTS_DIR; };
		9B2F421F25843FD7004A2527 /* PhotoBrowserTests.swift */ = {isa = PBXFileReference; lastKnownFileType = sourcecode.swift; path = PhotoBrowserTests.swift; sourceTree = "<group>"; };
		9B2F422125843FD7004A2527 /* Info.plist */ = {isa = PBXFileReference; lastKnownFileType = text.plist.xml; path = Info.plist; sourceTree = "<group>"; };
		9B3B930A25861B25001409C4 /* PhotoListCell.swift */ = {isa = PBXFileReference; lastKnownFileType = sourcecode.swift; path = PhotoListCell.swift; sourceTree = "<group>"; };
		9B3B930D25862807001409C4 /* ViewController.swift */ = {isa = PBXFileReference; fileEncoding = 4; lastKnownFileType = sourcecode.swift; path = ViewController.swift; sourceTree = "<group>"; };
		9B3B930F2586281F001409C4 /* PhotoDetailViewController.swift */ = {isa = PBXFileReference; lastKnownFileType = sourcecode.swift; path = PhotoDetailViewController.swift; sourceTree = "<group>"; };
		9B873FD42584A1D9000E8CEE /* WebserviceClient.swift */ = {isa = PBXFileReference; lastKnownFileType = sourcecode.swift; path = WebserviceClient.swift; sourceTree = "<group>"; };
		9B873FD62584A1EB000E8CEE /* WebserviceRouter.swift */ = {isa = PBXFileReference; lastKnownFileType = sourcecode.swift; path = WebserviceRouter.swift; sourceTree = "<group>"; };
		9B873FD82584A310000E8CEE /* WebserviceConstants.swift */ = {isa = PBXFileReference; lastKnownFileType = sourcecode.swift; path = WebserviceConstants.swift; sourceTree = "<group>"; };
		9B873FDB2584A6CF000E8CEE /* PhotoListModels.swift */ = {isa = PBXFileReference; lastKnownFileType = sourcecode.swift; path = PhotoListModels.swift; sourceTree = "<group>"; };
		A27063AFF454C37161947C36 /* Pods_PhotoBrowserTests.framework */ = {isa = PBXFileReference; explicitFileType = wrapper.framework; includeInIndex = 0; path = Pods_PhotoBrowserTests.framework; sourceTree = BUILT_PRODUCTS_DIR; };
		B011A821C6F1554AF8993EEA /* Pods-PhotoBrowser.release.xcconfig */ = {isa = PBXFileReference; includeInIndex = 1; lastKnownFileType = text.xcconfig; name = "Pods-PhotoBrowser.release.xcconfig"; path = "Target Support Files/Pods-PhotoBrowser/Pods-PhotoBrowser.release.xcconfig"; sourceTree = "<group>"; };
		D48B1917B22BBD3CF4B07110 /* Pods_PhotoBrowser.framework */ = {isa = PBXFileReference; explicitFileType = wrapper.framework; includeInIndex = 0; path = Pods_PhotoBrowser.framework; sourceTree = BUILT_PRODUCTS_DIR; };
/* End PBXFileReference section */

/* Begin PBXFrameworksBuildPhase section */
		9B2F420225843FD6004A2527 /* Frameworks */ = {
			isa = PBXFrameworksBuildPhase;
			buildActionMask = 2147483647;
			files = (
				6A42EECB15D058BC094D11D1 /* Pods_PhotoBrowser.framework in Frameworks */,
			);
			runOnlyForDeploymentPostprocessing = 0;
		};
		9B2F421825843FD7004A2527 /* Frameworks */ = {
			isa = PBXFrameworksBuildPhase;
			buildActionMask = 2147483647;
			files = (
				654AEF7063F6CF94EA0E7075 /* Pods_PhotoBrowserTests.framework in Frameworks */,
			);
			runOnlyForDeploymentPostprocessing = 0;
		};
/* End PBXFrameworksBuildPhase section */

/* Begin PBXGroup section */
		970B0E4542FEA2B65095E38F /* Pods */ = {
			isa = PBXGroup;
			children = (
				7E116E868BC8B5FF0A5E2A64 /* Pods-PhotoBrowser.debug.xcconfig */,
				B011A821C6F1554AF8993EEA /* Pods-PhotoBrowser.release.xcconfig */,
				314DEBBFB3837353F3AB6D98 /* Pods-PhotoBrowserTests.debug.xcconfig */,
				5E0EE5F212A38CFBDBEB0654 /* Pods-PhotoBrowserTests.release.xcconfig */,
			);
			path = Pods;
			sourceTree = "<group>";
		};
		9B2ACA772584DE3900BF573F /* PhotoListVM */ = {
			isa = PBXGroup;
			children = (
				9B2ACA782584DE4900BF573F /* PhotoListVM.swift */,
			);
			path = PhotoListVM;
			sourceTree = "<group>";
		};
		9B2F41FC25843FD6004A2527 = {
			isa = PBXGroup;
			children = (
				9B2F420725843FD6004A2527 /* PhotoBrowser */,
				9B2F421E25843FD7004A2527 /* PhotoBrowserTests */,
				9B2F420625843FD6004A2527 /* Products */,
				970B0E4542FEA2B65095E38F /* Pods */,
				F64092ED4A4139F70E52C05D /* Frameworks */,
			);
			sourceTree = "<group>";
		};
		9B2F420625843FD6004A2527 /* Products */ = {
			isa = PBXGroup;
			children = (
				9B2F420525843FD6004A2527 /* PhotoBrowser.app */,
				9B2F421B25843FD7004A2527 /* PhotoBrowserTests.xctest */,
			);
			name = Products;
			sourceTree = "<group>";
		};
		9B2F420725843FD6004A2527 /* PhotoBrowser */ = {
			isa = PBXGroup;
			children = (
				9B3B930925861B19001409C4 /* Views */,
				9B873FDA2584A69A000E8CEE /* Models */,
				9B873FD32584A1B8000E8CEE /* Webservice */,
				9B2ACA772584DE3900BF573F /* PhotoListVM */,
				9B2F420825843FD6004A2527 /* AppDelegate.swift */,
				9B2F420A25843FD6004A2527 /* SceneDelegate.swift */,
				9B3B930C258627EB001409C4 /* ViewControllers */,
				9B2F420E25843FD6004A2527 /* Main.storyboard */,
				9B2F421125843FD7004A2527 /* Assets.xcassets */,
				9B2F421325843FD7004A2527 /* LaunchScreen.storyboard */,
				9B2F421625843FD7004A2527 /* Info.plist */,
			);
			path = PhotoBrowser;
			sourceTree = "<group>";
		};
		9B2F421E25843FD7004A2527 /* PhotoBrowserTests */ = {
			isa = PBXGroup;
			children = (
				9B2F421F25843FD7004A2527 /* PhotoBrowserTests.swift */,
				9B2F422125843FD7004A2527 /* Info.plist */,
			);
			path = PhotoBrowserTests;
			sourceTree = "<group>";
		};
		9B3B930925861B19001409C4 /* Views */ = {
			isa = PBXGroup;
			children = (
				9B3B930A25861B25001409C4 /* PhotoListCell.swift */,
			);
			path = Views;
			sourceTree = "<group>";
		};
		9B3B930C258627EB001409C4 /* ViewControllers */ = {
			isa = PBXGroup;
			children = (
				9B3B930D25862807001409C4 /* ViewController.swift */,
				9B3B930F2586281F001409C4 /* PhotoDetailViewController.swift */,
			);
			path = ViewControllers;
			sourceTree = "<group>";
		};
		9B873FD32584A1B8000E8CEE /* Webservice */ = {
			isa = PBXGroup;
			children = (
				9B873FD42584A1D9000E8CEE /* WebserviceClient.swift */,
				9B873FD62584A1EB000E8CEE /* WebserviceRouter.swift */,
				9B873FD82584A310000E8CEE /* WebserviceConstants.swift */,
			);
			path = Webservice;
			sourceTree = "<group>";
		};
		9B873FDA2584A69A000E8CEE /* Models */ = {
			isa = PBXGroup;
			children = (
				9B873FDB2584A6CF000E8CEE /* PhotoListModels.swift */,
			);
			path = Models;
			sourceTree = "<group>";
		};
		F64092ED4A4139F70E52C05D /* Frameworks */ = {
			isa = PBXGroup;
			children = (
				D48B1917B22BBD3CF4B07110 /* Pods_PhotoBrowser.framework */,
				A27063AFF454C37161947C36 /* Pods_PhotoBrowserTests.framework */,
			);
			name = Frameworks;
			sourceTree = "<group>";
		};
/* End PBXGroup section */

/* Begin PBXNativeTarget section */
		9B2F420425843FD6004A2527 /* PhotoBrowser */ = {
			isa = PBXNativeTarget;
			buildConfigurationList = 9B2F422425843FD7004A2527 /* Build configuration list for PBXNativeTarget "PhotoBrowser" */;
			buildPhases = (
				5435DC3F3C82EC6E93600602 /* [CP] Check Pods Manifest.lock */,
				9B2F420125843FD6004A2527 /* Sources */,
				9B2F420225843FD6004A2527 /* Frameworks */,
				9B2F420325843FD6004A2527 /* Resources */,
				1F0F692BB6E6EED271E76947 /* [CP] Embed Pods Frameworks */,
			);
			buildRules = (
			);
			dependencies = (
			);
			name = PhotoBrowser;
			productName = PhotoBrowser;
			productReference = 9B2F420525843FD6004A2527 /* PhotoBrowser.app */;
			productType = "com.apple.product-type.application";
		};
		9B2F421A25843FD7004A2527 /* PhotoBrowserTests */ = {
			isa = PBXNativeTarget;
			buildConfigurationList = 9B2F422725843FD7004A2527 /* Build configuration list for PBXNativeTarget "PhotoBrowserTests" */;
			buildPhases = (
				A38054C8C6447FA9BC5A4450 /* [CP] Check Pods Manifest.lock */,
				9B2F421725843FD7004A2527 /* Sources */,
				9B2F421825843FD7004A2527 /* Frameworks */,
				9B2F421925843FD7004A2527 /* Resources */,
			);
			buildRules = (
			);
			dependencies = (
				9B2F421D25843FD7004A2527 /* PBXTargetDependency */,
			);
			name = PhotoBrowserTests;
			productName = PhotoBrowserTests;
			productReference = 9B2F421B25843FD7004A2527 /* PhotoBrowserTests.xctest */;
			productType = "com.apple.product-type.bundle.unit-test";
		};
/* End PBXNativeTarget section */

/* Begin PBXProject section */
		9B2F41FD25843FD6004A2527 /* Project object */ = {
			isa = PBXProject;
			attributes = {
				LastSwiftUpdateCheck = 1110;
				LastUpgradeCheck = 1110;
				ORGANIZATIONNAME = "Sushma Nayak";
				TargetAttributes = {
					9B2F420425843FD6004A2527 = {
						CreatedOnToolsVersion = 11.1;
					};
					9B2F421A25843FD7004A2527 = {
						CreatedOnToolsVersion = 11.1;
						TestTargetID = 9B2F420425843FD6004A2527;
					};
				};
			};
			buildConfigurationList = 9B2F420025843FD6004A2527 /* Build configuration list for PBXProject "PhotoBrowser" */;
			compatibilityVersion = "Xcode 9.3";
			developmentRegion = en;
			hasScannedForEncodings = 0;
			knownRegions = (
				en,
				Base,
			);
			mainGroup = 9B2F41FC25843FD6004A2527;
			productRefGroup = 9B2F420625843FD6004A2527 /* Products */;
			projectDirPath = "";
			projectRoot = "";
			targets = (
				9B2F420425843FD6004A2527 /* PhotoBrowser */,
				9B2F421A25843FD7004A2527 /* PhotoBrowserTests */,
			);
		};
/* End PBXProject section */

/* Begin PBXResourcesBuildPhase section */
		9B2F420325843FD6004A2527 /* Resources */ = {
			isa = PBXResourcesBuildPhase;
			buildActionMask = 2147483647;
			files = (
				9B2F421525843FD7004A2527 /* LaunchScreen.storyboard in Resources */,
				9B2F421225843FD7004A2527 /* Assets.xcassets in Resources */,
				9B2F421025843FD6004A2527 /* Main.storyboard in Resources */,
			);
			runOnlyForDeploymentPostprocessing = 0;
		};
		9B2F421925843FD7004A2527 /* Resources */ = {
			isa = PBXResourcesBuildPhase;
			buildActionMask = 2147483647;
			files = (
			);
			runOnlyForDeploymentPostprocessing = 0;
		};
/* End PBXResourcesBuildPhase section */

/* Begin PBXShellScriptBuildPhase section */
		1F0F692BB6E6EED271E76947 /* [CP] Embed Pods Frameworks */ = {
			isa = PBXShellScriptBuildPhase;
			buildActionMask = 2147483647;
			files = (
			);
			inputFileListPaths = (
				"${PODS_ROOT}/Target Support Files/Pods-PhotoBrowser/Pods-PhotoBrowser-frameworks-${CONFIGURATION}-input-files.xcfilelist",
			);
			name = "[CP] Embed Pods Frameworks";
			outputFileListPaths = (
				"${PODS_ROOT}/Target Support Files/Pods-PhotoBrowser/Pods-PhotoBrowser-frameworks-${CONFIGURATION}-output-files.xcfilelist",
			);
			runOnlyForDeploymentPostprocessing = 0;
			shellPath = /bin/sh;
			shellScript = "\"${PODS_ROOT}/Target Support Files/Pods-PhotoBrowser/Pods-PhotoBrowser-frameworks.sh\"\n";
			showEnvVarsInLog = 0;
		};
		5435DC3F3C82EC6E93600602 /* [CP] Check Pods Manifest.lock */ = {
			isa = PBXShellScriptBuildPhase;
			buildActionMask = 2147483647;
			files = (
			);
			inputFileListPaths = (
			);
			inputPaths = (
				"${PODS_PODFILE_DIR_PATH}/Podfile.lock",
				"${PODS_ROOT}/Manifest.lock",
			);
			name = "[CP] Check Pods Manifest.lock";
			outputFileListPaths = (
			);
			outputPaths = (
				"$(DERIVED_FILE_DIR)/Pods-PhotoBrowser-checkManifestLockResult.txt",
			);
			runOnlyForDeploymentPostprocessing = 0;
			shellPath = /bin/sh;
			shellScript = "diff \"${PODS_PODFILE_DIR_PATH}/Podfile.lock\" \"${PODS_ROOT}/Manifest.lock\" > /dev/null\nif [ $? != 0 ] ; then\n    # print error to STDERR\n    echo \"error: The sandbox is not in sync with the Podfile.lock. Run 'pod install' or update your CocoaPods installation.\" >&2\n    exit 1\nfi\n# This output is used by Xcode 'outputs' to avoid re-running this script phase.\necho \"SUCCESS\" > \"${SCRIPT_OUTPUT_FILE_0}\"\n";
			showEnvVarsInLog = 0;
		};
		A38054C8C6447FA9BC5A4450 /* [CP] Check Pods Manifest.lock */ = {
			isa = PBXShellScriptBuildPhase;
			buildActionMask = 2147483647;
			files = (
			);
			inputFileListPaths = (
			);
			inputPaths = (
				"${PODS_PODFILE_DIR_PATH}/Podfile.lock",
				"${PODS_ROOT}/Manifest.lock",
			);
			name = "[CP] Check Pods Manifest.lock";
			outputFileListPaths = (
			);
			outputPaths = (
				"$(DERIVED_FILE_DIR)/Pods-PhotoBrowserTests-checkManifestLockResult.txt",
			);
			runOnlyForDeploymentPostprocessing = 0;
			shellPath = /bin/sh;
			shellScript = "diff \"${PODS_PODFILE_DIR_PATH}/Podfile.lock\" \"${PODS_ROOT}/Manifest.lock\" > /dev/null\nif [ $? != 0 ] ; then\n    # print error to STDERR\n    echo \"error: The sandbox is not in sync with the Podfile.lock. Run 'pod install' or update your CocoaPods installation.\" >&2\n    exit 1\nfi\n# This output is used by Xcode 'outputs' to avoid re-running this script phase.\necho \"SUCCESS\" > \"${SCRIPT_OUTPUT_FILE_0}\"\n";
			showEnvVarsInLog = 0;
		};
/* End PBXShellScriptBuildPhase section */

/* Begin PBXSourcesBuildPhase section */
		9B2F420125843FD6004A2527 /* Sources */ = {
			isa = PBXSourcesBuildPhase;
			buildActionMask = 2147483647;
			files = (
				9B873FDC2584A6CF000E8CEE /* PhotoListModels.swift in Sources */,
				9B873FD92584A310000E8CEE /* WebserviceConstants.swift in Sources */,
				9B2F420925843FD6004A2527 /* AppDelegate.swift in Sources */,
				9B3B930E25862807001409C4 /* ViewController.swift in Sources */,
				9B3B930B25861B25001409C4 /* PhotoListCell.swift in Sources */,
				9B2F420B25843FD6004A2527 /* SceneDelegate.swift in Sources */,
				9B2ACA792584DE4900BF573F /* PhotoListVM.swift in Sources */,
				9B873FD52584A1D9000E8CEE /* WebserviceClient.swift in Sources */,
				9B3B93102586281F001409C4 /* PhotoDetailViewController.swift in Sources */,
				9B873FD72584A1EB000E8CEE /* WebserviceRouter.swift in Sources */,
			);
			runOnlyForDeploymentPostprocessing = 0;
		};
		9B2F421725843FD7004A2527 /* Sources */ = {
			isa = PBXSourcesBuildPhase;
			buildActionMask = 2147483647;
			files = (
				9B2F422025843FD7004A2527 /* PhotoBrowserTests.swift in Sources */,
			);
			runOnlyForDeploymentPostprocessing = 0;
		};
/* End PBXSourcesBuildPhase section */

/* Begin PBXTargetDependency section */
		9B2F421D25843FD7004A2527 /* PBXTargetDependency */ = {
			isa = PBXTargetDependency;
			target = 9B2F420425843FD6004A2527 /* PhotoBrowser */;
			targetProxy = 9B2F421C25843FD7004A2527 /* PBXContainerItemProxy */;
		};
/* End PBXTargetDependency section */

/* Begin PBXVariantGroup section */
		9B2F420E25843FD6004A2527 /* Main.storyboard */ = {
			isa = PBXVariantGroup;
			children = (
				9B2F420F25843FD6004A2527 /* Base */,
			);
			name = Main.storyboard;
			sourceTree = "<group>";
		};
		9B2F421325843FD7004A2527 /* LaunchScreen.storyboard */ = {
			isa = PBXVariantGroup;
			children = (
				9B2F421425843FD7004A2527 /* Base */,
			);
			name = LaunchScreen.storyboard;
			sourceTree = "<group>";
		};
/* End PBXVariantGroup section */

/* Begin XCBuildConfiguration section */
		9B2F422225843FD7004A2527 /* Debug */ = {
			isa = XCBuildConfiguration;
			buildSettings = {
				ALWAYS_SEARCH_USER_PATHS = NO;
				CLANG_ANALYZER_NONNULL = YES;
				CLANG_ANALYZER_NUMBER_OBJECT_CONVERSION = YES_AGGRESSIVE;
				CLANG_CXX_LANGUAGE_STANDARD = "gnu++14";
				CLANG_CXX_LIBRARY = "libc++";
				CLANG_ENABLE_MODULES = YES;
				CLANG_ENABLE_OBJC_ARC = YES;
				CLANG_ENABLE_OBJC_WEAK = YES;
				CLANG_WARN_BLOCK_CAPTURE_AUTORELEASING = YES;
				CLANG_WARN_BOOL_CONVERSION = YES;
				CLANG_WARN_COMMA = YES;
				CLANG_WARN_CONSTANT_CONVERSION = YES;
				CLANG_WARN_DEPRECATED_OBJC_IMPLEMENTATIONS = YES;
				CLANG_WARN_DIRECT_OBJC_ISA_USAGE = YES_ERROR;
				CLANG_WARN_DOCUMENTATION_COMMENTS = YES;
				CLANG_WARN_EMPTY_BODY = YES;
				CLANG_WARN_ENUM_CONVERSION = YES;
				CLANG_WARN_INFINITE_RECURSION = YES;
				CLANG_WARN_INT_CONVERSION = YES;
				CLANG_WARN_NON_LITERAL_NULL_CONVERSION = YES;
				CLANG_WARN_OBJC_IMPLICIT_RETAIN_SELF = YES;
				CLANG_WARN_OBJC_LITERAL_CONVERSION = YES;
				CLANG_WARN_OBJC_ROOT_CLASS = YES_ERROR;
				CLANG_WARN_RANGE_LOOP_ANALYSIS = YES;
				CLANG_WARN_STRICT_PROTOTYPES = YES;
				CLANG_WARN_SUSPICIOUS_MOVE = YES;
				CLANG_WARN_UNGUARDED_AVAILABILITY = YES_AGGRESSIVE;
				CLANG_WARN_UNREACHABLE_CODE = YES;
				CLANG_WARN__DUPLICATE_METHOD_MATCH = YES;
				COPY_PHASE_STRIP = NO;
				DEBUG_INFORMATION_FORMAT = dwarf;
				ENABLE_STRICT_OBJC_MSGSEND = YES;
				ENABLE_TESTABILITY = YES;
				GCC_C_LANGUAGE_STANDARD = gnu11;
				GCC_DYNAMIC_NO_PIC = NO;
				GCC_NO_COMMON_BLOCKS = YES;
				GCC_OPTIMIZATION_LEVEL = 0;
				GCC_PREPROCESSOR_DEFINITIONS = (
					"DEBUG=1",
					"$(inherited)",
				);
				GCC_WARN_64_TO_32_BIT_CONVERSION = YES;
				GCC_WARN_ABOUT_RETURN_TYPE = YES_ERROR;
				GCC_WARN_UNDECLARED_SELECTOR = YES;
				GCC_WARN_UNINITIALIZED_AUTOS = YES_AGGRESSIVE;
				GCC_WARN_UNUSED_FUNCTION = YES;
				GCC_WARN_UNUSED_VARIABLE = YES;
				IPHONEOS_DEPLOYMENT_TARGET = 13.1;
				MTL_ENABLE_DEBUG_INFO = INCLUDE_SOURCE;
				MTL_FAST_MATH = YES;
				ONLY_ACTIVE_ARCH = YES;
				SDKROOT = iphoneos;
				SWIFT_ACTIVE_COMPILATION_CONDITIONS = DEBUG;
				SWIFT_OPTIMIZATION_LEVEL = "-Onone";
			};
			name = Debug;
		};
		9B2F422325843FD7004A2527 /* Release */ = {
			isa = XCBuildConfiguration;
			buildSettings = {
				ALWAYS_SEARCH_USER_PATHS = NO;
				CLANG_ANALYZER_NONNULL = YES;
				CLANG_ANALYZER_NUMBER_OBJECT_CONVERSION = YES_AGGRESSIVE;
				CLANG_CXX_LANGUAGE_STANDARD = "gnu++14";
				CLANG_CXX_LIBRARY = "libc++";
				CLANG_ENABLE_MODULES = YES;
				CLANG_ENABLE_OBJC_ARC = YES;
				CLANG_ENABLE_OBJC_WEAK = YES;
				CLANG_WARN_BLOCK_CAPTURE_AUTORELEASING = YES;
				CLANG_WARN_BOOL_CONVERSION = YES;
				CLANG_WARN_COMMA = YES;
				CLANG_WARN_CONSTANT_CONVERSION = YES;
				CLANG_WARN_DEPRECATED_OBJC_IMPLEMENTATIONS = YES;
				CLANG_WARN_DIRECT_OBJC_ISA_USAGE = YES_ERROR;
				CLANG_WARN_DOCUMENTATION_COMMENTS = YES;
				CLANG_WARN_EMPTY_BODY = YES;
				CLANG_WARN_ENUM_CONVERSION = YES;
				CLANG_WARN_INFINITE_RECURSION = YES;
				CLANG_WARN_INT_CONVERSION = YES;
				CLANG_WARN_NON_LITERAL_NULL_CONVERSION = YES;
				CLANG_WARN_OBJC_IMPLICIT_RETAIN_SELF = YES;
				CLANG_WARN_OBJC_LITERAL_CONVERSION = YES;
				CLANG_WARN_OBJC_ROOT_CLASS = YES_ERROR;
				CLANG_WARN_RANGE_LOOP_ANALYSIS = YES;
				CLANG_WARN_STRICT_PROTOTYPES = YES;
				CLANG_WARN_SUSPICIOUS_MOVE = YES;
				CLANG_WARN_UNGUARDED_AVAILABILITY = YES_AGGRESSIVE;
				CLANG_WARN_UNREACHABLE_CODE = YES;
				CLANG_WARN__DUPLICATE_METHOD_MATCH = YES;
				COPY_PHASE_STRIP = NO;
				DEBUG_INFORMATION_FORMAT = "dwarf-with-dsym";
				ENABLE_NS_ASSERTIONS = NO;
				ENABLE_STRICT_OBJC_MSGSEND = YES;
				GCC_C_LANGUAGE_STANDARD = gnu11;
				GCC_NO_COMMON_BLOCKS = YES;
				GCC_WARN_64_TO_32_BIT_CONVERSION = YES;
				GCC_WARN_ABOUT_RETURN_TYPE = YES_ERROR;
				GCC_WARN_UNDECLARED_SELECTOR = YES;
				GCC_WARN_UNINITIALIZED_AUTOS = YES_AGGRESSIVE;
				GCC_WARN_UNUSED_FUNCTION = YES;
				GCC_WARN_UNUSED_VARIABLE = YES;
				IPHONEOS_DEPLOYMENT_TARGET = 13.1;
				MTL_ENABLE_DEBUG_INFO = NO;
				MTL_FAST_MATH = YES;
				SDKROOT = iphoneos;
				SWIFT_COMPILATION_MODE = wholemodule;
				SWIFT_OPTIMIZATION_LEVEL = "-O";
				VALIDATE_PRODUCT = YES;
			};
			name = Release;
		};
		9B2F422525843FD7004A2527 /* Debug */ = {
			isa = XCBuildConfiguration;
			baseConfigurationReference = 7E116E868BC8B5FF0A5E2A64 /* Pods-PhotoBrowser.debug.xcconfig */;
			buildSettings = {
				ASSETCATALOG_COMPILER_APPICON_NAME = AppIcon;
				CODE_SIGN_STYLE = Automatic;
				INFOPLIST_FILE = PhotoBrowser/Info.plist;
				IPHONEOS_DEPLOYMENT_TARGET = 12.0;
				LD_RUNPATH_SEARCH_PATHS = (
					"$(inherited)",
					"@executable_path/Frameworks",
				);
				PRODUCT_BUNDLE_IDENTIFIER = me.Fun.PhotoBrowser;
				PRODUCT_NAME = "$(TARGET_NAME)";
				SWIFT_VERSION = 5.0;
				TARGETED_DEVICE_FAMILY = 1;
			};
			name = Debug;
		};
		9B2F422625843FD7004A2527 /* Release */ = {
			isa = XCBuildConfiguration;
			baseConfigurationReference = B011A821C6F1554AF8993EEA /* Pods-PhotoBrowser.release.xcconfig */;
			buildSettings = {
				ASSETCATALOG_COMPILER_APPICON_NAME = AppIcon;
				CODE_SIGN_STYLE = Automatic;
				INFOPLIST_FILE = PhotoBrowser/Info.plist;
				IPHONEOS_DEPLOYMENT_TARGET = 12.0;
				LD_RUNPATH_SEARCH_PATHS = (
					"$(inherited)",
					"@executable_path/Frameworks",
				);
				PRODUCT_BUNDLE_IDENTIFIER = me.Fun.PhotoBrowser;
				PRODUCT_NAME = "$(TARGET_NAME)";
				SWIFT_VERSION = 5.0;
				TARGETED_DEVICE_FAMILY = 1;
			};
			name = Release;
		};
		9B2F422825843FD7004A2527 /* Debug */ = {
			isa = XCBuildConfiguration;
			baseConfigurationReference = 314DEBBFB3837353F3AB6D98 /* Pods-PhotoBrowserTests.debug.xcconfig */;
			buildSettings = {
				ALWAYS_EMBED_SWIFT_STANDARD_LIBRARIES = YES;
				BUNDLE_LOADER = "$(TEST_HOST)";
				CODE_SIGN_STYLE = Automatic;
				INFOPLIST_FILE = PhotoBrowserTests/Info.plist;
				IPHONEOS_DEPLOYMENT_TARGET = 13.1;
				LD_RUNPATH_SEARCH_PATHS = (
					"$(inherited)",
					"@executable_path/Frameworks",
					"@loader_path/Frameworks",
				);
				PRODUCT_BUNDLE_IDENTIFIER = me.Fun.PhotoBrowserTests;
				PRODUCT_NAME = "$(TARGET_NAME)";
				SWIFT_VERSION = 5.0;
				TARGETED_DEVICE_FAMILY = "1,2";
				TEST_HOST = "$(BUILT_PRODUCTS_DIR)/PhotoBrowser.app/PhotoBrowser";
			};
			name = Debug;
		};
		9B2F422925843FD7004A2527 /* Release */ = {
			isa = XCBuildConfiguration;
			baseConfigurationReference = 5E0EE5F212A38CFBDBEB0654 /* Pods-PhotoBrowserTests.release.xcconfig */;
			buildSettings = {
				ALWAYS_EMBED_SWIFT_STANDARD_LIBRARIES = YES;
				BUNDLE_LOADER = "$(TEST_HOST)";
				CODE_SIGN_STYLE = Automatic;
				INFOPLIST_FILE = PhotoBrowserTests/Info.plist;
				IPHONEOS_DEPLOYMENT_TARGET = 13.1;
				LD_RUNPATH_SEARCH_PATHS = (
					"$(inherited)",
					"@executable_path/Frameworks",
					"@loader_path/Frameworks",
				);
				PRODUCT_BUNDLE_IDENTIFIER = me.Fun.PhotoBrowserTests;
				PRODUCT_NAME = "$(TARGET_NAME)";
				SWIFT_VERSION = 5.0;
				TARGETED_DEVICE_FAMILY = "1,2";
				TEST_HOST = "$(BUILT_PRODUCTS_DIR)/PhotoBrowser.app/PhotoBrowser";
			};
			name = Release;
		};
/* End XCBuildConfiguration section */

/* Begin XCConfigurationList section */
		9B2F420025843FD6004A2527 /* Build configuration list for PBXProject "PhotoBrowser" */ = {
			isa = XCConfigurationList;
			buildConfigurations = (
				9B2F422225843FD7004A2527 /* Debug */,
				9B2F422325843FD7004A2527 /* Release */,
			);
			defaultConfigurationIsVisible = 0;
			defaultConfigurationName = Release;
		};
		9B2F422425843FD7004A2527 /* Build configuration list for PBXNativeTarget "PhotoBrowser" */ = {
			isa = XCConfigurationList;
			buildConfigurations = (
				9B2F422525843FD7004A2527 /* Debug */,
				9B2F422625843FD7004A2527 /* Release */,
			);
			defaultConfigurationIsVisible = 0;
			defaultConfigurationName = Release;
		};
		9B2F422725843FD7004A2527 /* Build configuration list for PBXNativeTarget "PhotoBrowserTests" */ = {
			isa = XCConfigurationList;
			buildConfigurations = (
				9B2F422825843FD7004A2527 /* Debug */,
				9B2F422925843FD7004A2527 /* Release */,
			);
			defaultConfigurationIsVisible = 0;
			defaultConfigurationName = Release;
		};
/* End XCConfigurationList section */
	};
	rootObject = 9B2F41FD25843FD6004A2527 /* Project object */;
}
